
Microsoft Visual Studio Solution File, Format Version 12.00
# Visual Studio Version 17
VisualStudioVersion = 17.11.35327.3
MinimumVisualStudioVersion = 10.0.40219.1
Project("{8BC9CEB8-8B4A-11D0-8D11-00A0C91BC942}") = "parking-system-windows", "parking-system-windows\parking-system-windows.vcxproj", "{64292576-7217-4DA9-951D-A98A34A5455C}"
EndProject
Global
	GlobalSection(SolutionConfigurationPlatforms) = preSolution
		Debug|x64 = Debug|x64
		Debug|x86 = Debug|x86
		Release|x64 = Release|x64
		Release|x86 = Release|x86
	EndGlobalSection
	GlobalSection(ProjectConfigurationPlatforms) = postSolution
		{64292576-7217-4DA9-951D-A98A34A5455C}.Debug|x64.ActiveCfg = Debug|x64
		{64292576-7217-4DA9-951D-A98A34A5455C}.Debug|x64.Build.0 = Debug|x64
		{64292576-7217-4DA9-951D-A98A34A5455C}.Debug|x86.ActiveCfg = Debug|Win32
		{64292576-7217-4DA9-951D-A98A34A5455C}.Debug|x86.Build.0 = Debug|Win32
		{64292576-7217-4DA9-951D-A98A34A5455C}.Release|x64.ActiveCfg = Release|x64
		{64292576-7217-4DA9-951D-A98A34A5455C}.Release|x64.Build.0 = Release|x64
		{64292576-7217-4DA9-951D-A98A34A5455C}.Release|x86.ActiveCfg = Release|Win32
		{64292576-7217-4DA9-951D-A98A34A5455C}.Release|x86.Build.0 = Release|Win32
	EndGlobalSection
	GlobalSection(SolutionProperties) = preSolution
		HideSolutionNode = FALSE
	EndGlobalSection
	GlobalSection(ExtensibilityGlobals) = postSolution
		SolutionGuid = {F80B377D-9FEC-4B72-9A36-39D9B329861C}
	EndGlobalSection
EndGlobal
